
Microsoft Visual Studio Solution File, Format Version 12.00
# Visual Studio Version 17
VisualStudioVersion = 17.11.35303.130
MinimumVisualStudioVersion = 10.0.40219.1
Project("{FAE04EC0-301F-11D3-BF4B-00C04F79EFBC}") = "KFC", "KFC.csproj", "{43125734-9A19-447E-9BBB-CFEB4EE7BF96}"
EndProject
Project("{FAE04EC0-301F-11D3-BF4B-00C04F79EFBC}") = "DTO", "..\DTO\DTO.csproj", "{907CD591-69B5-404E-BD27-FBF9373186D7}"
EndProject
Project("{FAE04EC0-301F-11D3-BF4B-00C04F79EFBC}") = "DAO", "..\DAO\DAO.csproj", "{BD5523A2-1D6E-49D4-9947-8BF1FFBC2E8F}"
EndProject
Project("{FAE04EC0-301F-11D3-BF4B-00C04F79EFBC}") = "BUS", "..\BUS\BUS.csproj", "{3BA46191-C03D-421E-8ADD-4332A4734886}"
EndProject
Global
	GlobalSection(SolutionConfigurationPlatforms) = preSolution
		Debug|Any CPU = Debug|Any CPU
		Release|Any CPU = Release|Any CPU
	EndGlobalSection
	GlobalSection(ProjectConfigurationPlatforms) = postSolution
		{43125734-9A19-447E-9BBB-CFEB4EE7BF96}.Debug|Any CPU.ActiveCfg = Debug|Any CPU
		{43125734-9A19-447E-9BBB-CFEB4EE7BF96}.Debug|Any CPU.Build.0 = Debug|Any CPU
		{43125734-9A19-447E-9BBB-CFEB4EE7BF96}.Release|Any CPU.ActiveCfg = Release|Any CPU
		{43125734-9A19-447E-9BBB-CFEB4EE7BF96}.Release|Any CPU.Build.0 = Release|Any CPU
		{907CD591-69B5-404E-BD27-FBF9373186D7}.Debug|Any CPU.ActiveCfg = Debug|Any CPU
		{907CD591-69B5-404E-BD27-FBF9373186D7}.Debug|Any CPU.Build.0 = Debug|Any CPU
		{907CD591-69B5-404E-BD27-FBF9373186D7}.Release|Any CPU.ActiveCfg = Release|Any CPU
		{907CD591-69B5-404E-BD27-FBF9373186D7}.Release|Any CPU.Build.0 = Release|Any CPU
		{BD5523A2-1D6E-49D4-9947-8BF1FFBC2E8F}.Debug|Any CPU.ActiveCfg = Debug|Any CPU
		{BD5523A2-1D6E-49D4-9947-8BF1FFBC2E8F}.Debug|Any CPU.Build.0 = Debug|Any CPU
		{BD5523A2-1D6E-49D4-9947-8BF1FFBC2E8F}.Release|Any CPU.ActiveCfg = Release|Any CPU
		{BD5523A2-1D6E-49D4-9947-8BF1FFBC2E8F}.Release|Any CPU.Build.0 = Release|Any CPU
		{3BA46191-C03D-421E-8ADD-4332A4734886}.Debug|Any CPU.ActiveCfg = Debug|Any CPU
		{3BA46191-C03D-421E-8ADD-4332A4734886}.Debug|Any CPU.Build.0 = Debug|Any CPU
		{3BA46191-C03D-421E-8ADD-4332A4734886}.Release|Any CPU.ActiveCfg = Release|Any CPU
		{3BA46191-C03D-421E-8ADD-4332A4734886}.Release|Any CPU.Build.0 = Release|Any CPU
	EndGlobalSection
	GlobalSection(SolutionProperties) = preSolution
		HideSolutionNode = FALSE
	EndGlobalSection
	GlobalSection(ExtensibilityGlobals) = postSolution
		SolutionGuid = {3A9BF258-7D8F-453B-866A-2CD66DAB21D4}
	EndGlobalSection
EndGlobal
